
Microsoft Visual Studio Solution File, Format Version 12.00
# Visual Studio 15
VisualStudioVersion = 15.0.28010.2003
MinimumVisualStudioVersion = 10.0.40219.1
Project("{FAE04EC0-301F-11D3-BF4B-00C04F79EFBC}") = "Emulators", "Emulators\Emulators.csproj", "{BBB46C21-E4ED-4A2B-8DA1-7CF7D4AE09CE}"
EndProject
Global
	GlobalSection(SolutionConfigurationPlatforms) = preSolution
		Debug|Any CPU = Debug|Any CPU
		Release|Any CPU = Release|Any CPU
	EndGlobalSection
	GlobalSection(ProjectConfigurationPlatforms) = postSolution
		{BBB46C21-E4ED-4A2B-8DA1-7CF7D4AE09CE}.Debug|Any CPU.ActiveCfg = Debug|Any CPU
		{BBB46C21-E4ED-4A2B-8DA1-7CF7D4AE09CE}.Debug|Any CPU.Build.0 = Debug|Any CPU
		{BBB46C21-E4ED-4A2B-8DA1-7CF7D4AE09CE}.Release|Any CPU.ActiveCfg = Release|Any CPU
		{BBB46C21-E4ED-4A2B-8DA1-7CF7D4AE09CE}.Release|Any CPU.Build.0 = Release|Any CPU
	EndGlobalSection
	GlobalSection(SolutionProperties) = preSolution
		HideSolutionNode = FALSE
	EndGlobalSection
	GlobalSection(ExtensibilityGlobals) = postSolution
		SolutionGuid = {FA1DA6DB-B839-4CB8-BC56-A304529A0155}
	EndGlobalSection
EndGlobal
